
Microsoft Visual Studio Solution File, Format Version 12.00
# Visual Studio Version 17
VisualStudioVersion = 17.11.35327.3
MinimumVisualStudioVersion = 10.0.40219.1
Project("{FAE04EC0-301F-11D3-BF4B-00C04F79EFBC}") = "BTTH-MVC-DotNet", "BTTH-MVC-DotNet\BTTH-MVC-DotNet.csproj", "{22374527-011D-4686-82D6-7777CF8EFF45}"
EndProject
Project("{FAE04EC0-301F-11D3-BF4B-00C04F79EFBC}") = "BTTH-MVC-DotNet-API", "BTTH-MVC-DotNet-API\BTTH-MVC-DotNet-API.csproj", "{C0D25B98-E776-43E4-B4B4-9DD2C3FD1087}"
EndProject
Global
	GlobalSection(SolutionConfigurationPlatforms) = preSolution
		Debug|Any CPU = Debug|Any CPU
		Release|Any CPU = Release|Any CPU
	EndGlobalSection
	GlobalSection(ProjectConfigurationPlatforms) = postSolution
		{22374527-011D-4686-82D6-7777CF8EFF45}.Debug|Any CPU.ActiveCfg = Debug|Any CPU
		{22374527-011D-4686-82D6-7777CF8EFF45}.Debug|Any CPU.Build.0 = Debug|Any CPU
		{22374527-011D-4686-82D6-7777CF8EFF45}.Release|Any CPU.ActiveCfg = Release|Any CPU
		{22374527-011D-4686-82D6-7777CF8EFF45}.Release|Any CPU.Build.0 = Release|Any CPU
		{C0D25B98-E776-43E4-B4B4-9DD2C3FD1087}.Debug|Any CPU.ActiveCfg = Debug|Any CPU
		{C0D25B98-E776-43E4-B4B4-9DD2C3FD1087}.Debug|Any CPU.Build.0 = Debug|Any CPU
		{C0D25B98-E776-43E4-B4B4-9DD2C3FD1087}.Release|Any CPU.ActiveCfg = Release|Any CPU
		{C0D25B98-E776-43E4-B4B4-9DD2C3FD1087}.Release|Any CPU.Build.0 = Release|Any CPU
	EndGlobalSection
	GlobalSection(SolutionProperties) = preSolution
		HideSolutionNode = FALSE
	EndGlobalSection
	GlobalSection(ExtensibilityGlobals) = postSolution
		SolutionGuid = {6BC17D95-2373-4215-9419-F9AF6B6786CE}
	EndGlobalSection
EndGlobal
